
Microsoft Visual Studio Solution File, Format Version 12.00
# Visual Studio 14
VisualStudioVersion = 14.0.23107.0
MinimumVisualStudioVersion = 10.0.40219.1
Project("{BE0A4C86-FC82-4F70-8ED6-D24C8B13E7BF}") = "StudyApp", "StudyApp\StudyApp.javaproj", "{4F2A8124-E943-42B3-B506-A8CABC58CBEF}"
EndProject
Global
	GlobalSection(SolutionConfigurationPlatforms) = preSolution
		Debug|Any CPU = Debug|Any CPU
		Release|Any CPU = Release|Any CPU
	EndGlobalSection
	GlobalSection(ProjectConfigurationPlatforms) = postSolution
		{4F2A8124-E943-42B3-B506-A8CABC58CBEF}.Debug|Any CPU.ActiveCfg = Debug|Any CPU
		{4F2A8124-E943-42B3-B506-A8CABC58CBEF}.Debug|Any CPU.Build.0 = Debug|Any CPU
		{4F2A8124-E943-42B3-B506-A8CABC58CBEF}.Release|Any CPU.ActiveCfg = Release|Any CPU
		{4F2A8124-E943-42B3-B506-A8CABC58CBEF}.Release|Any CPU.Build.0 = Release|Any CPU
	EndGlobalSection
	GlobalSection(SolutionProperties) = preSolution
		HideSolutionNode = FALSE
	EndGlobalSection
EndGlobal
